
Microsoft Visual Studio Solution File, Format Version 12.00
# Visual Studio Version 16
VisualStudioVersion = 16.0.29609.76
MinimumVisualStudioVersion = 10.0.40219.1
Project("{FAE04EC0-301F-11D3-BF4B-00C04F79EFBC}") = "MVCMovies", "MVCMovies.csproj", "{C931AA0A-8AEA-416C-B00F-0C5A4B2323E8}"
EndProject
Global
	GlobalSection(SolutionConfigurationPlatforms) = preSolution
		Debug|Any CPU = Debug|Any CPU
		Release|Any CPU = Release|Any CPU
	EndGlobalSection
	GlobalSection(ProjectConfigurationPlatforms) = postSolution
		{C931AA0A-8AEA-416C-B00F-0C5A4B2323E8}.Debug|Any CPU.ActiveCfg = Debug|Any CPU
		{C931AA0A-8AEA-416C-B00F-0C5A4B2323E8}.Debug|Any CPU.Build.0 = Debug|Any CPU
		{C931AA0A-8AEA-416C-B00F-0C5A4B2323E8}.Release|Any CPU.ActiveCfg = Release|Any CPU
		{C931AA0A-8AEA-416C-B00F-0C5A4B2323E8}.Release|Any CPU.Build.0 = Release|Any CPU
	EndGlobalSection
	GlobalSection(SolutionProperties) = preSolution
		HideSolutionNode = FALSE
	EndGlobalSection
	GlobalSection(ExtensibilityGlobals) = postSolution
		SolutionGuid = {6D43A1F0-D5ED-4AF0-B9AD-0E48E18BC895}
	EndGlobalSection
EndGlobal
